
Microsoft Visual Studio Solution File, Format Version 12.00
# Visual Studio Version 16
VisualStudioVersion = 16.0.30907.101
MinimumVisualStudioVersion = 10.0.40219.1
Project("{FAE04EC0-301F-11D3-BF4B-00C04F79EFBC}") = "Assignment5", "Assignment5.csproj", "{013C6BA8-EB1E-465A-A41E-95C2BF509FC3}"
EndProject
Global
	GlobalSection(SolutionConfigurationPlatforms) = preSolution
		Debug|Any CPU = Debug|Any CPU
		Release|Any CPU = Release|Any CPU
	EndGlobalSection
	GlobalSection(ProjectConfigurationPlatforms) = postSolution
		{013C6BA8-EB1E-465A-A41E-95C2BF509FC3}.Debug|Any CPU.ActiveCfg = Debug|Any CPU
		{013C6BA8-EB1E-465A-A41E-95C2BF509FC3}.Debug|Any CPU.Build.0 = Debug|Any CPU
		{013C6BA8-EB1E-465A-A41E-95C2BF509FC3}.Release|Any CPU.ActiveCfg = Release|Any CPU
		{013C6BA8-EB1E-465A-A41E-95C2BF509FC3}.Release|Any CPU.Build.0 = Release|Any CPU
	EndGlobalSection
	GlobalSection(SolutionProperties) = preSolution
		HideSolutionNode = FALSE
	EndGlobalSection
	GlobalSection(ExtensibilityGlobals) = postSolution
		SolutionGuid = {FC106FCE-01DF-4B57-AEF8-7FF39EFC0696}
	EndGlobalSection
EndGlobal
